
Microsoft Visual Studio Solution File, Format Version 12.00
# Visual Studio Version 17
VisualStudioVersion = 17.8.34309.116
MinimumVisualStudioVersion = 10.0.40219.1
Project("{FAE04EC0-301F-11D3-BF4B-00C04F79EFBC}") = "Firo_OS", "Firo_OS\Firo_OS.csproj", "{DD47B8E1-843E-40A1-9F0A-C07EBFA36A63}"
EndProject
Global
	GlobalSection(SolutionConfigurationPlatforms) = preSolution
		Debug|Any CPU = Debug|Any CPU
		Release|Any CPU = Release|Any CPU
	EndGlobalSection
	GlobalSection(ProjectConfigurationPlatforms) = postSolution
		{DD47B8E1-843E-40A1-9F0A-C07EBFA36A63}.Debug|Any CPU.ActiveCfg = Debug|Any CPU
		{DD47B8E1-843E-40A1-9F0A-C07EBFA36A63}.Debug|Any CPU.Build.0 = Debug|Any CPU
		{DD47B8E1-843E-40A1-9F0A-C07EBFA36A63}.Release|Any CPU.ActiveCfg = Release|Any CPU
		{DD47B8E1-843E-40A1-9F0A-C07EBFA36A63}.Release|Any CPU.Build.0 = Release|Any CPU
	EndGlobalSection
	GlobalSection(SolutionProperties) = preSolution
		HideSolutionNode = FALSE
	EndGlobalSection
	GlobalSection(ExtensibilityGlobals) = postSolution
		SolutionGuid = {FA032E52-1511-4608-84B6-A51021FA4EEC}
	EndGlobalSection
EndGlobal
